
Microsoft Visual Studio Solution File, Format Version 12.00
# Visual Studio Version 17
VisualStudioVersion = 17.11.35312.102
MinimumVisualStudioVersion = 10.0.40219.1
Project("{FAE04EC0-301F-11D3-BF4B-00C04F79EFBC}") = "BMWM5F90", "BMWM5F90.csproj", "{A8ABB5DC-6915-4388-9963-50AFB14FAAAC}"
EndProject
Global
	GlobalSection(SolutionConfigurationPlatforms) = preSolution
		Debug|Any CPU = Debug|Any CPU
		Release|Any CPU = Release|Any CPU
	EndGlobalSection
	GlobalSection(ProjectConfigurationPlatforms) = postSolution
		{A8ABB5DC-6915-4388-9963-50AFB14FAAAC}.Debug|Any CPU.ActiveCfg = Debug|Any CPU
		{A8ABB5DC-6915-4388-9963-50AFB14FAAAC}.Debug|Any CPU.Build.0 = Debug|Any CPU
		{A8ABB5DC-6915-4388-9963-50AFB14FAAAC}.Release|Any CPU.ActiveCfg = Release|Any CPU
		{A8ABB5DC-6915-4388-9963-50AFB14FAAAC}.Release|Any CPU.Build.0 = Release|Any CPU
	EndGlobalSection
	GlobalSection(SolutionProperties) = preSolution
		HideSolutionNode = FALSE
	EndGlobalSection
	GlobalSection(ExtensibilityGlobals) = postSolution
		SolutionGuid = {4359E27C-B96E-4B49-855F-055A99FE59FD}
	EndGlobalSection
EndGlobal
