
Microsoft Visual Studio Solution File, Format Version 12.00
# Visual Studio Version 17
VisualStudioVersion = 17.11.35312.102
MinimumVisualStudioVersion = 10.0.40219.1
Project("{FAE04EC0-301F-11D3-BF4B-00C04F79EFBC}") = "beauty Salon", "beauty Salon.csproj", "{05BFA15F-00DB-4EFF-A057-58353069E580}"
EndProject
Global
	GlobalSection(SolutionConfigurationPlatforms) = preSolution
		Debug|Any CPU = Debug|Any CPU
		Release|Any CPU = Release|Any CPU
	EndGlobalSection
	GlobalSection(ProjectConfigurationPlatforms) = postSolution
		{05BFA15F-00DB-4EFF-A057-58353069E580}.Debug|Any CPU.ActiveCfg = Debug|Any CPU
		{05BFA15F-00DB-4EFF-A057-58353069E580}.Debug|Any CPU.Build.0 = Debug|Any CPU
		{05BFA15F-00DB-4EFF-A057-58353069E580}.Release|Any CPU.ActiveCfg = Release|Any CPU
		{05BFA15F-00DB-4EFF-A057-58353069E580}.Release|Any CPU.Build.0 = Release|Any CPU
	EndGlobalSection
	GlobalSection(SolutionProperties) = preSolution
		HideSolutionNode = FALSE
	EndGlobalSection
	GlobalSection(ExtensibilityGlobals) = postSolution
		SolutionGuid = {EE009F14-A5AA-44F8-9FEB-7FD9325DFD57}
	EndGlobalSection
EndGlobal
