
Microsoft Visual Studio Solution File, Format Version 12.00
# Visual Studio Version 17
VisualStudioVersion = 17.11.35312.102
MinimumVisualStudioVersion = 10.0.40219.1
Project("{FAE04EC0-301F-11D3-BF4B-00C04F79EFBC}") = "Обработка исключений  - Заказ товара", "Обработка исключений  - Заказ товара.csproj", "{DAA51581-EF19-4E90-A297-3AF6C41DC2D4}"
EndProject
Global
	GlobalSection(SolutionConfigurationPlatforms) = preSolution
		Debug|Any CPU = Debug|Any CPU
		Release|Any CPU = Release|Any CPU
	EndGlobalSection
	GlobalSection(ProjectConfigurationPlatforms) = postSolution
		{DAA51581-EF19-4E90-A297-3AF6C41DC2D4}.Debug|Any CPU.ActiveCfg = Debug|Any CPU
		{DAA51581-EF19-4E90-A297-3AF6C41DC2D4}.Debug|Any CPU.Build.0 = Debug|Any CPU
		{DAA51581-EF19-4E90-A297-3AF6C41DC2D4}.Release|Any CPU.ActiveCfg = Release|Any CPU
		{DAA51581-EF19-4E90-A297-3AF6C41DC2D4}.Release|Any CPU.Build.0 = Release|Any CPU
	EndGlobalSection
	GlobalSection(SolutionProperties) = preSolution
		HideSolutionNode = FALSE
	EndGlobalSection
	GlobalSection(ExtensibilityGlobals) = postSolution
		SolutionGuid = {58B3C011-9908-4FA4-9AC6-425AD8DDF778}
	EndGlobalSection
EndGlobal
