
Microsoft Visual Studio Solution File, Format Version 12.00
# Visual Studio Version 17
VisualStudioVersion = 17.11.35312.102
MinimumVisualStudioVersion = 10.0.40219.1
Project("{FAE04EC0-301F-11D3-BF4B-00C04F79EFBC}") = "ski resort", "ski resort.csproj", "{D1B8E15F-1A6B-451D-8372-C9D73333D57D}"
EndProject
Global
	GlobalSection(SolutionConfigurationPlatforms) = preSolution
		Debug|Any CPU = Debug|Any CPU
		Release|Any CPU = Release|Any CPU
	EndGlobalSection
	GlobalSection(ProjectConfigurationPlatforms) = postSolution
		{D1B8E15F-1A6B-451D-8372-C9D73333D57D}.Debug|Any CPU.ActiveCfg = Debug|Any CPU
		{D1B8E15F-1A6B-451D-8372-C9D73333D57D}.Debug|Any CPU.Build.0 = Debug|Any CPU
		{D1B8E15F-1A6B-451D-8372-C9D73333D57D}.Release|Any CPU.ActiveCfg = Release|Any CPU
		{D1B8E15F-1A6B-451D-8372-C9D73333D57D}.Release|Any CPU.Build.0 = Release|Any CPU
	EndGlobalSection
	GlobalSection(SolutionProperties) = preSolution
		HideSolutionNode = FALSE
	EndGlobalSection
	GlobalSection(ExtensibilityGlobals) = postSolution
		SolutionGuid = {6D4424B8-A06A-4519-8DE1-2A1007D39B11}
	EndGlobalSection
EndGlobal
