
Microsoft Visual Studio Solution File, Format Version 12.00
# Visual Studio Version 17
VisualStudioVersion = 17.11.35312.102
MinimumVisualStudioVersion = 10.0.40219.1
Project("{FAE04EC0-301F-11D3-BF4B-00C04F79EFBC}") = "Расчет экипировки гладиатора", "Расчет экипировки гладиатора.csproj", "{B0FE9B00-6CA3-49E6-8474-C3ACA5FE76EC}"
EndProject
Global
	GlobalSection(SolutionConfigurationPlatforms) = preSolution
		Debug|Any CPU = Debug|Any CPU
		Release|Any CPU = Release|Any CPU
	EndGlobalSection
	GlobalSection(ProjectConfigurationPlatforms) = postSolution
		{B0FE9B00-6CA3-49E6-8474-C3ACA5FE76EC}.Debug|Any CPU.ActiveCfg = Debug|Any CPU
		{B0FE9B00-6CA3-49E6-8474-C3ACA5FE76EC}.Debug|Any CPU.Build.0 = Debug|Any CPU
		{B0FE9B00-6CA3-49E6-8474-C3ACA5FE76EC}.Release|Any CPU.ActiveCfg = Release|Any CPU
		{B0FE9B00-6CA3-49E6-8474-C3ACA5FE76EC}.Release|Any CPU.Build.0 = Release|Any CPU
	EndGlobalSection
	GlobalSection(SolutionProperties) = preSolution
		HideSolutionNode = FALSE
	EndGlobalSection
	GlobalSection(ExtensibilityGlobals) = postSolution
		SolutionGuid = {D4B716A2-D7FE-405C-8A85-3AA83999699C}
	EndGlobalSection
EndGlobal
